
Microsoft Visual Studio Solution File, Format Version 12.00
# Visual Studio Version 17
VisualStudioVersion = 17.5.33516.290
MinimumVisualStudioVersion = 10.0.40219.1
Project("{9A19103F-16F7-4668-BE54-9A1E7A4F7556}") = "files-service", "files-service\files-service.csproj", "{5B8A8229-AE53-4EA2-815B-423A70B88D58}"
EndProject
Project("{FAE04EC0-301F-11D3-BF4B-00C04F79EFBC}") = "files-service-data", "files-service-data\files-service-data.csproj", "{4A4B28DF-7A95-4F5C-A722-625DB509D5ED}"
EndProject
Global
	GlobalSection(SolutionConfigurationPlatforms) = preSolution
		Debug|Any CPU = Debug|Any CPU
		Release|Any CPU = Release|Any CPU
	EndGlobalSection
	GlobalSection(ProjectConfigurationPlatforms) = postSolution
		{5B8A8229-AE53-4EA2-815B-423A70B88D58}.Debug|Any CPU.ActiveCfg = Debug|Any CPU
		{5B8A8229-AE53-4EA2-815B-423A70B88D58}.Debug|Any CPU.Build.0 = Debug|Any CPU
		{5B8A8229-AE53-4EA2-815B-423A70B88D58}.Release|Any CPU.ActiveCfg = Release|Any CPU
		{5B8A8229-AE53-4EA2-815B-423A70B88D58}.Release|Any CPU.Build.0 = Release|Any CPU
		{4A4B28DF-7A95-4F5C-A722-625DB509D5ED}.Debug|Any CPU.ActiveCfg = Debug|Any CPU
		{4A4B28DF-7A95-4F5C-A722-625DB509D5ED}.Debug|Any CPU.Build.0 = Debug|Any CPU
		{4A4B28DF-7A95-4F5C-A722-625DB509D5ED}.Release|Any CPU.ActiveCfg = Release|Any CPU
		{4A4B28DF-7A95-4F5C-A722-625DB509D5ED}.Release|Any CPU.Build.0 = Release|Any CPU
	EndGlobalSection
	GlobalSection(SolutionProperties) = preSolution
		HideSolutionNode = FALSE
	EndGlobalSection
	GlobalSection(ExtensibilityGlobals) = postSolution
		SolutionGuid = {AA6AACC4-A45C-44B1-98C0-4AC2BC374853}
	EndGlobalSection
EndGlobal
